<?xml version="1.0" encoding="utf-8"?>
<Project ToolsVersion="4.0" xmlns="http://schemas.microsoft.com/developer/msbuild/2003">
  <ItemGroup>
    <Filter Include="源文件">
      <UniqueIdentifier>{4FC737F1-C7A5-4376-A066-2A32D752A2FF}</UniqueIdentifier>
      <Extensions>cpp;c;cc;cxx;def;odl;idl;hpj;bat;asm;asmx</Extensions>
    </Filter>
    <Filter Include="头文件">
      <UniqueIdentifier>{93995380-89BD-4b04-88EB-625FBE52EBFB}</UniqueIdentifier>
      <Extensions>h;hpp;hxx;hm;inl;inc;xsd</Extensions>
    </Filter>
    <Filter Include="资源文件">
      <UniqueIdentifier>{67DA6AB6-F800-4c08-8B7A-83BB121AAD01}</UniqueIdentifier>
      <Extensions>rc;ico;cur;bmp;dlg;rc2;rct;bin;rgs;gif;jpg;jpeg;jpe;resx;tiff;tif;png;wav;mfcribbon-ms</Extensions>
    </Filter>
    <Filter Include="源文件\UTSource">
      <UniqueIdentifier>{642539e0-73c7-4eed-af1f-e0425c1d8073}</UniqueIdentifier>
    </Filter>
  </ItemGroup>
  <ItemGroup>
    <None Include="ReadMe.txt" />
    <None Include="res\FC_Configer.rc2">
      <Filter>资源文件</Filter>
    </None>
    <None Include="res\FC_Configer.ico">
      <Filter>资源文件</Filter>
    </None>
    <None Include="res\PageBottom.bmp">
      <Filter>资源文件</Filter>
    </None>
    <None Include="res\Port_32px_530255_easyicon.net.ico">
      <Filter>资源文件</Filter>
    </None>
    <None Include="resource.hm">
      <Filter>头文件</Filter>
    </None>
    <None Include="res\favicon.ico">
      <Filter>资源文件</Filter>
    </None>
    <None Include="res\splash2.bmp">
      <Filter>资源文件</Filter>
    </None>
  </ItemGroup>
  <ItemGroup>
    <ClInclude Include="FC_Configer.h">
      <Filter>头文件</Filter>
    </ClInclude>
    <ClInclude Include="FC_ConfigerDlg.h">
      <Filter>头文件</Filter>
    </ClInclude>
    <ClInclude Include="stdafx.h">
      <Filter>头文件</Filter>
    </ClInclude>
    <ClInclude Include="targetver.h">
      <Filter>头文件</Filter>
    </ClInclude>
    <ClInclude Include="Resource.h">
      <Filter>头文件</Filter>
    </ClInclude>
    <ClInclude Include="EnumSerial.h">
      <Filter>头文件</Filter>
    </ClInclude>
    <ClInclude Include="SerialPort.h">
      <Filter>头文件</Filter>
    </ClInclude>
    <ClInclude Include="ComportPara.h">
      <Filter>头文件</Filter>
    </ClInclude>
    <ClInclude Include="..\include\oxgridedit.h">
      <Filter>头文件</Filter>
    </ClInclude>
    <ClInclude Include="..\include\OXGridHdr.h">
      <Filter>头文件</Filter>
    </ClInclude>
    <ClInclude Include="..\include\OXGridList.h">
      <Filter>头文件</Filter>
    </ClInclude>
    <ClInclude Include="FCGrid.h">
      <Filter>头文件</Filter>
    </ClInclude>
    <ClInclude Include="CSplashWindow.h">
      <Filter>头文件</Filter>
    </ClInclude>
    <ClInclude Include="LED.h">
      <Filter>头文件</Filter>
    </ClInclude>
  </ItemGroup>
  <ItemGroup>
    <ClCompile Include="FC_Configer.cpp">
      <Filter>源文件</Filter>
    </ClCompile>
    <ClCompile Include="FC_ConfigerDlg.cpp">
      <Filter>源文件</Filter>
    </ClCompile>
    <ClCompile Include="stdafx.cpp">
      <Filter>源文件</Filter>
    </ClCompile>
    <ClCompile Include="EnumSerial.cpp">
      <Filter>源文件</Filter>
    </ClCompile>
    <ClCompile Include="SerialPort.cpp">
      <Filter>源文件</Filter>
    </ClCompile>
    <ClCompile Include="ComportPara.cpp">
      <Filter>源文件</Filter>
    </ClCompile>
    <ClCompile Include="..\source\oxgridedit.cpp">
      <Filter>源文件\UTSource</Filter>
    </ClCompile>
    <ClCompile Include="..\source\OXGridList.cpp">
      <Filter>源文件\UTSource</Filter>
    </ClCompile>
    <ClCompile Include="FCGrid.cpp">
      <Filter>源文件</Filter>
    </ClCompile>
    <ClCompile Include="SplashWindow.cpp">
      <Filter>源文件</Filter>
    </ClCompile>
    <ClCompile Include="FC_ConfigerDlg_B.cpp">
      <Filter>源文件</Filter>
    </ClCompile>
    <ClCompile Include="MapsOperation.cpp">
      <Filter>源文件</Filter>
    </ClCompile>
    <ClCompile Include="LED.cpp">
      <Filter>源文件</Filter>
    </ClCompile>
    <ClCompile Include="..\source\OXGridHdr.cpp">
      <Filter>源文件\UTSource</Filter>
    </ClCompile>
    <ClCompile Include="..\source\OXUxTheme.cpp">
      <Filter>源文件\UTSource</Filter>
    </ClCompile>
  </ItemGroup>
  <ItemGroup>
    <ResourceCompile Include="FC_Configer.rc">
      <Filter>资源文件</Filter>
    </ResourceCompile>
  </ItemGroup>
  <ItemGroup>
    <Image Include="res\splash.bmp">
      <Filter>资源文件</Filter>
    </Image>
  </ItemGroup>
</Project>